
Microsoft Visual Studio Solution File, Format Version 12.00
# Visual Studio 15
VisualStudioVersion = 15.0.26730.15
MinimumVisualStudioVersion = 10.0.40219.1
Project("{8BC9CEB8-8B4A-11D0-8D11-00A0C91BC942}") = "Day01", "Day01.vcxproj", "{D73D6BA0-1D9E-4153-9406-6CB01056D180}"
EndProject
Global
	GlobalSection(SolutionConfigurationPlatforms) = preSolution
		Debug|x64 = Debug|x64
		Debug|x86 = Debug|x86
		Release|x64 = Release|x64
		Release|x86 = Release|x86
	EndGlobalSection
	GlobalSection(ProjectConfigurationPlatforms) = postSolution
		{D73D6BA0-1D9E-4153-9406-6CB01056D180}.Debug|x64.ActiveCfg = Debug|x64
		{D73D6BA0-1D9E-4153-9406-6CB01056D180}.Debug|x64.Build.0 = Debug|x64
		{D73D6BA0-1D9E-4153-9406-6CB01056D180}.Debug|x86.ActiveCfg = Debug|Win32
		{D73D6BA0-1D9E-4153-9406-6CB01056D180}.Debug|x86.Build.0 = Debug|Win32
		{D73D6BA0-1D9E-4153-9406-6CB01056D180}.Release|x64.ActiveCfg = Release|x64
		{D73D6BA0-1D9E-4153-9406-6CB01056D180}.Release|x64.Build.0 = Release|x64
		{D73D6BA0-1D9E-4153-9406-6CB01056D180}.Release|x86.ActiveCfg = Release|Win32
		{D73D6BA0-1D9E-4153-9406-6CB01056D180}.Release|x86.Build.0 = Release|Win32
	EndGlobalSection
	GlobalSection(SolutionProperties) = preSolution
		HideSolutionNode = FALSE
	EndGlobalSection
	GlobalSection(ExtensibilityGlobals) = postSolution
		SolutionGuid = {911F6C18-B654-488F-B192-000D901B5486}
	EndGlobalSection
EndGlobal
